// !$*UTF8*$!
{
	archiveVersion = 1;
	classes = {
	};
	objectVersion = 46;
	objects = {

/* Begin PBXBuildFile section */
		450544B618B284A500529015 /* TActivityViewController.m in Sources */ = {isa = PBXBuildFile; fileRef = 450544B518B284A500529015 /* TActivityViewController.m */; };
		450544B918B284B600529015 /* TActivityCell.m in Sources */ = {isa = PBXBuildFile; fileRef = 450544B818B284B600529015 /* TActivityCell.m */; };
		451AF9A61885314300811899 /* MapKit.framework in Frameworks */ = {isa = PBXBuildFile; fileRef = 451AF9A51885314300811899 /* MapKit.framework */; };
		451C522118C2418F00386C63 /* TProfileViewController.m in Sources */ = {isa = PBXBuildFile; fileRef = 451C522018C2418F00386C63 /* TProfileViewController.m */; };
		45309872187DBBD0005B3B5F /* TLogInViewController.m in Sources */ = {isa = PBXBuildFile; fileRef = 45309871187DBBD0005B3B5F /* TLogInViewController.m */; };
		453AE94E188423F00099D8B0 /* TLocationUtility.m in Sources */ = {isa = PBXBuildFile; fileRef = 453AE94D188423F00099D8B0 /* TLocationUtility.m */; };
		453CB8F01885B5BE00D7019D /* TCategoriesViewController.m in Sources */ = {isa = PBXBuildFile; fileRef = 453CB8EF1885B5BE00D7019D /* TCategoriesViewController.m */; };
		453CB8F31885B65100D7019D /* TCategoryCell.m in Sources */ = {isa = PBXBuildFile; fileRef = 453CB8F21885B65100D7019D /* TCategoryCell.m */; };
		453CB8FA1885C5D300D7019D /* TCategoryStickerCell.m in Sources */ = {isa = PBXBuildFile; fileRef = 453CB8F91885C5D300D7019D /* TCategoryStickerCell.m */; };
		453CB8FD1885C7B700D7019D /* TCategoryStickersViewController.m in Sources */ = {isa = PBXBuildFile; fileRef = 453CB8FC1885C7B700D7019D /* TCategoryStickersViewController.m */; };
		454BDE0118890101009DC4F6 /* TPostViewController.m in Sources */ = {isa = PBXBuildFile; fileRef = 454BDE0018890101009DC4F6 /* TPostViewController.m */; };
		455C01131879C60E00D54908 /* backgroundLogin@2x.png in Resources */ = {isa = PBXBuildFile; fileRef = 455C01101879C60E00D54908 /* backgroundLogin@2x.png */; };
		4563F2E418A4B1EB00E8911E /* TStickerAnnotation.m in Sources */ = {isa = PBXBuildFile; fileRef = 4563F2E318A4B1EB00E8911E /* TStickerAnnotation.m */; };
		4564400818F5434600672099 /* Sticker.png in Resources */ = {isa = PBXBuildFile; fileRef = 4564400718F5434600672099 /* Sticker.png */; };
		456DAE5618CC9394009E4FEC /* FacebookSDK.framework in Frameworks */ = {isa = PBXBuildFile; fileRef = 456DAE5418CC9394009E4FEC /* FacebookSDK.framework */; };
		456DAE5718CC9394009E4FEC /* Parse.framework in Frameworks */ = {isa = PBXBuildFile; fileRef = 456DAE5518CC9394009E4FEC /* Parse.framework */; };
		456DAE5A18CCA869009E4FEC /* TProfileCell.m in Sources */ = {isa = PBXBuildFile; fileRef = 456DAE5918CCA869009E4FEC /* TProfileCell.m */; };
		457C8A861893B02100D6DA40 /* TCircleView.m in Sources */ = {isa = PBXBuildFile; fileRef = 457C8A851893B02100D6DA40 /* TCircleView.m */; };
		45A2E87E18764FF1009A6171 /* Foundation.framework in Frameworks */ = {isa = PBXBuildFile; fileRef = 45A2E87D18764FF1009A6171 /* Foundation.framework */; };
		45A2E88018764FF1009A6171 /* CoreGraphics.framework in Frameworks */ = {isa = PBXBuildFile; fileRef = 45A2E87F18764FF1009A6171 /* CoreGraphics.framework */; };
		45A2E88218764FF1009A6171 /* UIKit.framework in Frameworks */ = {isa = PBXBuildFile; fileRef = 45A2E88118764FF1009A6171 /* UIKit.framework */; };
		45A2E88818764FF1009A6171 /* InfoPlist.strings in Resources */ = {isa = PBXBuildFile; fileRef = 45A2E88618764FF1009A6171 /* InfoPlist.strings */; };
		45A2E88A18764FF1009A6171 /* main.m in Sources */ = {isa = PBXBuildFile; fileRef = 45A2E88918764FF1009A6171 /* main.m */; };
		45A2E88E18764FF1009A6171 /* TAppDelegate.m in Sources */ = {isa = PBXBuildFile; fileRef = 45A2E88D18764FF1009A6171 /* TAppDelegate.m */; };
		45A2E89118764FF1009A6171 /* Main.storyboard in Resources */ = {isa = PBXBuildFile; fileRef = 45A2E88F18764FF1009A6171 /* Main.storyboard */; };
		45A2E89418764FF1009A6171 /* TViewController.m in Sources */ = {isa = PBXBuildFile; fileRef = 45A2E89318764FF1009A6171 /* TViewController.m */; };
		45A2E89618764FF1009A6171 /* Images.xcassets in Resources */ = {isa = PBXBuildFile; fileRef = 45A2E89518764FF1009A6171 /* Images.xcassets */; };
		45A2E89D18764FF1009A6171 /* XCTest.framework in Frameworks */ = {isa = PBXBuildFile; fileRef = 45A2E89C18764FF1009A6171 /* XCTest.framework */; };
		45A2E89E18764FF1009A6171 /* Foundation.framework in Frameworks */ = {isa = PBXBuildFile; fileRef = 45A2E87D18764FF1009A6171 /* Foundation.framework */; };
		45A2E89F18764FF1009A6171 /* UIKit.framework in Frameworks */ = {isa = PBXBuildFile; fileRef = 45A2E88118764FF1009A6171 /* UIKit.framework */; };
		45A2E8A718764FF1009A6171 /* InfoPlist.strings in Resources */ = {isa = PBXBuildFile; fileRef = 45A2E8A518764FF1009A6171 /* InfoPlist.strings */; };
		45A2E8A918764FF1009A6171 /* TromkeeTests.m in Sources */ = {isa = PBXBuildFile; fileRef = 45A2E8A818764FF1009A6171 /* TromkeeTests.m */; };
		45A2E8C1187650CE009A6171 /* AdSupport.framework in Frameworks */ = {isa = PBXBuildFile; fileRef = 45A2E8B4187650CE009A6171 /* AdSupport.framework */; };
		45A2E8C2187650CE009A6171 /* Social.framework in Frameworks */ = {isa = PBXBuildFile; fileRef = 45A2E8B5187650CE009A6171 /* Social.framework */; };
		45A2E8C3187650CE009A6171 /* Accounts.framework in Frameworks */ = {isa = PBXBuildFile; fileRef = 45A2E8B6187650CE009A6171 /* Accounts.framework */; };
		45A2E8C4187650CE009A6171 /* AudioToolbox.framework in Frameworks */ = {isa = PBXBuildFile; fileRef = 45A2E8B7187650CE009A6171 /* AudioToolbox.framework */; };
		45A2E8C5187650CE009A6171 /* CFNetwork.framework in Frameworks */ = {isa = PBXBuildFile; fileRef = 45A2E8B8187650CE009A6171 /* CFNetwork.framework */; };
		45A2E8C6187650CE009A6171 /* CoreLocation.framework in Frameworks */ = {isa = PBXBuildFile; fileRef = 45A2E8B9187650CE009A6171 /* CoreLocation.framework */; };
		45A2E8C7187650CE009A6171 /* libsqlite3.dylib in Frameworks */ = {isa = PBXBuildFile; fileRef = 45A2E8BA187650CE009A6171 /* libsqlite3.dylib */; };
		45A2E8C8187650CE009A6171 /* libz.1.1.3.dylib in Frameworks */ = {isa = PBXBuildFile; fileRef = 45A2E8BB187650CE009A6171 /* libz.1.1.3.dylib */; };
		45A2E8C9187650CE009A6171 /* MobileCoreServices.framework in Frameworks */ = {isa = PBXBuildFile; fileRef = 45A2E8BC187650CE009A6171 /* MobileCoreServices.framework */; };
		45A2E8CA187650CE009A6171 /* QuartzCore.framework in Frameworks */ = {isa = PBXBuildFile; fileRef = 45A2E8BD187650CE009A6171 /* QuartzCore.framework */; };
		45A2E8CB187650CE009A6171 /* Security.framework in Frameworks */ = {isa = PBXBuildFile; fileRef = 45A2E8BE187650CE009A6171 /* Security.framework */; };
		45A2E8CC187650CE009A6171 /* StoreKit.framework in Frameworks */ = {isa = PBXBuildFile; fileRef = 45A2E8BF187650CE009A6171 /* StoreKit.framework */; };
		45A2E8CD187650CE009A6171 /* SystemConfiguration.framework in Frameworks */ = {isa = PBXBuildFile; fileRef = 45A2E8C0187650CE009A6171 /* SystemConfiguration.framework */; };
		45A6AF7518B109B900D26563 /* TStickerAnnotationView.m in Sources */ = {isa = PBXBuildFile; fileRef = 45A6AF7418B109B900D26563 /* TStickerAnnotationView.m */; };
		45A8462C18F7EC0C00DA3627 /* TUserActivityCell.m in Sources */ = {isa = PBXBuildFile; fileRef = 45A8462B18F7EC0C00DA3627 /* TUserActivityCell.m */; };
		45B95C8918F6AE6D004D7568 /* TUserActivityViewController.m in Sources */ = {isa = PBXBuildFile; fileRef = 45B95C8818F6AE6D004D7568 /* TUserActivityViewController.m */; };
		45B95C8C18F6AF43004D7568 /* TBaseViewController.m in Sources */ = {isa = PBXBuildFile; fileRef = 45B95C8B18F6AF43004D7568 /* TBaseViewController.m */; };
		45D3E6CB18ACA3ED000AD55F /* TMenuViewController.m in Sources */ = {isa = PBXBuildFile; fileRef = 45D3E6CA18ACA3ED000AD55F /* TMenuViewController.m */; };
		45E54467188F934200FF8977 /* Reachability.m in Sources */ = {isa = PBXBuildFile; fileRef = 45E54464188F934200FF8977 /* Reachability.m */; };
		45F53E26189D6EB100C7C42A /* TUtility.m in Sources */ = {isa = PBXBuildFile; fileRef = 45F53E25189D6EB100C7C42A /* TUtility.m */; };
		45F53E2A189D6FA200C7C42A /* MBProgressHUD.m in Sources */ = {isa = PBXBuildFile; fileRef = 45F53E29189D6FA200C7C42A /* MBProgressHUD.m */; };
		45FC0DCD18CCD46700C82A2B /* TFollowCell.m in Sources */ = {isa = PBXBuildFile; fileRef = 45FC0DCC18CCD46700C82A2B /* TFollowCell.m */; };
		45FC756018A017E10089255A /* UIImage+AlphaAdditions.m in Sources */ = {isa = PBXBuildFile; fileRef = 45FC755B18A017E10089255A /* UIImage+AlphaAdditions.m */; };
		45FC756118A017E10089255A /* UIImage+ResizeAdditions.m in Sources */ = {isa = PBXBuildFile; fileRef = 45FC755D18A017E10089255A /* UIImage+ResizeAdditions.m */; };
		45FC756218A017E10089255A /* UIImage+RoundedCornerAdditions.m in Sources */ = {isa = PBXBuildFile; fileRef = 45FC755F18A017E10089255A /* UIImage+RoundedCornerAdditions.m */; };
/* End PBXBuildFile section */

/* Begin PBXContainerItemProxy section */
		45A2E8A018764FF1009A6171 /* PBXContainerItemProxy */ = {
			isa = PBXContainerItemProxy;
			containerPortal = 45A2E87218764FF1009A6171 /* Project object */;
			proxyType = 1;
			remoteGlobalIDString = 45A2E87918764FF1009A6171;
			remoteInfo = Tromkee;
		};
/* End PBXContainerItemProxy section */

/* Begin PBXFileReference section */
		450544B418B284A500529015 /* TActivityViewController.h */ = {isa = PBXFileReference; fileEncoding = 4; lastKnownFileType = sourcecode.c.h; path = TActivityViewController.h; sourceTree = "<group>"; };
		450544B518B284A500529015 /* TActivityViewController.m */ = {isa = PBXFileReference; fileEncoding = 4; lastKnownFileType = sourcecode.c.objc; path = TActivityViewController.m; sourceTree = "<group>"; };
		450544B718B284B600529015 /* TActivityCell.h */ = {isa = PBXFileReference; fileEncoding = 4; lastKnownFileType = sourcecode.c.h; path = TActivityCell.h; sourceTree = "<group>"; };
		450544B818B284B600529015 /* TActivityCell.m */ = {isa = PBXFileReference; fileEncoding = 4; lastKnownFileType = sourcecode.c.objc; path = TActivityCell.m; sourceTree = "<group>"; };
		451AF9A4188530B100811899 /* Tromke-Prefix.pch */ = {isa = PBXFileReference; fileEncoding = 4; lastKnownFileType = sourcecode.c.h; path = "Tromke-Prefix.pch"; sourceTree = "<group>"; };
		451AF9A51885314300811899 /* MapKit.framework */ = {isa = PBXFileReference; lastKnownFileType = wrapper.framework; name = MapKit.framework; path = System/Library/Frameworks/MapKit.framework; sourceTree = SDKROOT; };
		451C521F18C2418F00386C63 /* TProfileViewController.h */ = {isa = PBXFileReference; fileEncoding = 4; lastKnownFileType = sourcecode.c.h; path = TProfileViewController.h; sourceTree = "<group>"; };
		451C522018C2418F00386C63 /* TProfileViewController.m */ = {isa = PBXFileReference; fileEncoding = 4; lastKnownFileType = sourcecode.c.objc; path = TProfileViewController.m; sourceTree = "<group>"; };
		45309870187DBBD0005B3B5F /* TLogInViewController.h */ = {isa = PBXFileReference; fileEncoding = 4; lastKnownFileType = sourcecode.c.h; path = TLogInViewController.h; sourceTree = "<group>"; };
		45309871187DBBD0005B3B5F /* TLogInViewController.m */ = {isa = PBXFileReference; fileEncoding = 4; lastKnownFileType = sourcecode.c.objc; path = TLogInViewController.m; sourceTree = "<group>"; };
		453AE94C188423F00099D8B0 /* TLocationUtility.h */ = {isa = PBXFileReference; fileEncoding = 4; lastKnownFileType = sourcecode.c.h; path = TLocationUtility.h; sourceTree = "<group>"; };
		453AE94D188423F00099D8B0 /* TLocationUtility.m */ = {isa = PBXFileReference; fileEncoding = 4; lastKnownFileType = sourcecode.c.objc; path = TLocationUtility.m; sourceTree = "<group>"; };
		453CB8EE1885B5BE00D7019D /* TCategoriesViewController.h */ = {isa = PBXFileReference; fileEncoding = 4; lastKnownFileType = sourcecode.c.h; path = TCategoriesViewController.h; sourceTree = "<group>"; };
		453CB8EF1885B5BE00D7019D /* TCategoriesViewController.m */ = {isa = PBXFileReference; fileEncoding = 4; lastKnownFileType = sourcecode.c.objc; path = TCategoriesViewController.m; sourceTree = "<group>"; };
		453CB8F11885B65100D7019D /* TCategoryCell.h */ = {isa = PBXFileReference; fileEncoding = 4; lastKnownFileType = sourcecode.c.h; path = TCategoryCell.h; sourceTree = "<group>"; };
		453CB8F21885B65100D7019D /* TCategoryCell.m */ = {isa = PBXFileReference; fileEncoding = 4; lastKnownFileType = sourcecode.c.objc; path = TCategoryCell.m; sourceTree = "<group>"; };
		453CB8F81885C5D300D7019D /* TCategoryStickerCell.h */ = {isa = PBXFileReference; fileEncoding = 4; lastKnownFileType = sourcecode.c.h; path = TCategoryStickerCell.h; sourceTree = "<group>"; };
		453CB8F91885C5D300D7019D /* TCategoryStickerCell.m */ = {isa = PBXFileReference; fileEncoding = 4; lastKnownFileType = sourcecode.c.objc; path = TCategoryStickerCell.m; sourceTree = "<group>"; };
		453CB8FB1885C7B700D7019D /* TCategoryStickersViewController.h */ = {isa = PBXFileReference; fileEncoding = 4; lastKnownFileType = sourcecode.c.h; path = TCategoryStickersViewController.h; sourceTree = "<group>"; };
		453CB8FC1885C7B700D7019D /* TCategoryStickersViewController.m */ = {isa = PBXFileReference; fileEncoding = 4; lastKnownFileType = sourcecode.c.objc; path = TCategoryStickersViewController.m; sourceTree = "<group>"; };
		454BDDFF18890101009DC4F6 /* TPostViewController.h */ = {isa = PBXFileReference; fileEncoding = 4; lastKnownFileType = sourcecode.c.h; path = TPostViewController.h; sourceTree = "<group>"; };
		454BDE0018890101009DC4F6 /* TPostViewController.m */ = {isa = PBXFileReference; fileEncoding = 4; lastKnownFileType = sourcecode.c.objc; path = TPostViewController.m; sourceTree = "<group>"; };
		455C01101879C60E00D54908 /* backgroundLogin@2x.png */ = {isa = PBXFileReference; lastKnownFileType = image.png; path = "backgroundLogin@2x.png"; sourceTree = "<group>"; };
		4563F2E218A4B1EB00E8911E /* TStickerAnnotation.h */ = {isa = PBXFileReference; fileEncoding = 4; lastKnownFileType = sourcecode.c.h; path = TStickerAnnotation.h; sourceTree = "<group>"; };
		4563F2E318A4B1EB00E8911E /* TStickerAnnotation.m */ = {isa = PBXFileReference; fileEncoding = 4; lastKnownFileType = sourcecode.c.objc; path = TStickerAnnotation.m; sourceTree = "<group>"; };
		4564400718F5434600672099 /* Sticker.png */ = {isa = PBXFileReference; lastKnownFileType = image.png; path = Sticker.png; sourceTree = "<group>"; };
		456DAE5418CC9394009E4FEC /* FacebookSDK.framework */ = {isa = PBXFileReference; lastKnownFileType = wrapper.framework; path = FacebookSDK.framework; sourceTree = "<group>"; };
		456DAE5518CC9394009E4FEC /* Parse.framework */ = {isa = PBXFileReference; lastKnownFileType = wrapper.framework; path = Parse.framework; sourceTree = "<group>"; };
		456DAE5818CCA869009E4FEC /* TProfileCell.h */ = {isa = PBXFileReference; fileEncoding = 4; lastKnownFileType = sourcecode.c.h; path = TProfileCell.h; sourceTree = "<group>"; };
		456DAE5918CCA869009E4FEC /* TProfileCell.m */ = {isa = PBXFileReference; fileEncoding = 4; lastKnownFileType = sourcecode.c.objc; path = TProfileCell.m; sourceTree = "<group>"; };
		457C8A841893B02100D6DA40 /* TCircleView.h */ = {isa = PBXFileReference; fileEncoding = 4; lastKnownFileType = sourcecode.c.h; path = TCircleView.h; sourceTree = "<group>"; };
		457C8A851893B02100D6DA40 /* TCircleView.m */ = {isa = PBXFileReference; fileEncoding = 4; lastKnownFileType = sourcecode.c.objc; path = TCircleView.m; sourceTree = "<group>"; };
		45A2E87A18764FF1009A6171 /* Tromke.app */ = {isa = PBXFileReference; explicitFileType = wrapper.application; includeInIndex = 0; path = Tromke.app; sourceTree = BUILT_PRODUCTS_DIR; };
		45A2E87D18764FF1009A6171 /* Foundation.framework */ = {isa = PBXFileReference; lastKnownFileType = wrapper.framework; name = Foundation.framework; path = System/Library/Frameworks/Foundation.framework; sourceTree = SDKROOT; };
		45A2E87F18764FF1009A6171 /* CoreGraphics.framework */ = {isa = PBXFileReference; lastKnownFileType = wrapper.framework; name = CoreGraphics.framework; path = System/Library/Frameworks/CoreGraphics.framework; sourceTree = SDKROOT; };
		45A2E88118764FF1009A6171 /* UIKit.framework */ = {isa = PBXFileReference; lastKnownFileType = wrapper.framework; name = UIKit.framework; path = System/Library/Frameworks/UIKit.framework; sourceTree = SDKROOT; };
		45A2E88518764FF1009A6171 /* Tromke-Info.plist */ = {isa = PBXFileReference; lastKnownFileType = text.plist.xml; path = "Tromke-Info.plist"; sourceTree = "<group>"; };
		45A2E88718764FF1009A6171 /* en */ = {isa = PBXFileReference; lastKnownFileType = text.plist.strings; name = en; path = en.lproj/InfoPlist.strings; sourceTree = "<group>"; };
		45A2E88918764FF1009A6171 /* main.m */ = {isa = PBXFileReference; lastKnownFileType = sourcecode.c.objc; path = main.m; sourceTree = "<group>"; };
		45A2E88C18764FF1009A6171 /* TAppDelegate.h */ = {isa = PBXFileReference; lastKnownFileType = sourcecode.c.h; path = TAppDelegate.h; sourceTree = "<group>"; };
		45A2E88D18764FF1009A6171 /* TAppDelegate.m */ = {isa = PBXFileReference; lastKnownFileType = sourcecode.c.objc; path = TAppDelegate.m; sourceTree = "<group>"; };
		45A2E89018764FF1009A6171 /* Base */ = {isa = PBXFileReference; lastKnownFileType = file.storyboard; name = Base; path = Base.lproj/Main.storyboard; sourceTree = "<group>"; };
		45A2E89218764FF1009A6171 /* TViewController.h */ = {isa = PBXFileReference; lastKnownFileType = sourcecode.c.h; path = TViewController.h; sourceTree = "<group>"; };
		45A2E89318764FF1009A6171 /* TViewController.m */ = {isa = PBXFileReference; lastKnownFileType = sourcecode.c.objc; path = TViewController.m; sourceTree = "<group>"; };
		45A2E89518764FF1009A6171 /* Images.xcassets */ = {isa = PBXFileReference; lastKnownFileType = folder.assetcatalog; path = Images.xcassets; sourceTree = "<group>"; };
		45A2E89B18764FF1009A6171 /* TromkeTests.xctest */ = {isa = PBXFileReference; explicitFileType = wrapper.cfbundle; includeInIndex = 0; path = TromkeTests.xctest; sourceTree = BUILT_PRODUCTS_DIR; };
		45A2E89C18764FF1009A6171 /* XCTest.framework */ = {isa = PBXFileReference; lastKnownFileType = wrapper.framework; name = XCTest.framework; path = Library/Frameworks/XCTest.framework; sourceTree = DEVELOPER_DIR; };
		45A2E8A418764FF1009A6171 /* TromkeTests-Info.plist */ = {isa = PBXFileReference; lastKnownFileType = text.plist.xml; path = "TromkeTests-Info.plist"; sourceTree = "<group>"; };
		45A2E8A618764FF1009A6171 /* en */ = {isa = PBXFileReference; lastKnownFileType = text.plist.strings; name = en; path = en.lproj/InfoPlist.strings; sourceTree = "<group>"; };
		45A2E8A818764FF1009A6171 /* TromkeeTests.m */ = {isa = PBXFileReference; lastKnownFileType = sourcecode.c.objc; path = TromkeeTests.m; sourceTree = "<group>"; };
		45A2E8B4187650CE009A6171 /* AdSupport.framework */ = {isa = PBXFileReference; lastKnownFileType = wrapper.framework; name = AdSupport.framework; path = System/Library/Frameworks/AdSupport.framework; sourceTree = SDKROOT; };
		45A2E8B5187650CE009A6171 /* Social.framework */ = {isa = PBXFileReference; lastKnownFileType = wrapper.framework; name = Social.framework; path = System/Library/Frameworks/Social.framework; sourceTree = SDKROOT; };
		45A2E8B6187650CE009A6171 /* Accounts.framework */ = {isa = PBXFileReference; lastKnownFileType = wrapper.framework; name = Accounts.framework; path = System/Library/Frameworks/Accounts.framework; sourceTree = SDKROOT; };
		45A2E8B7187650CE009A6171 /* AudioToolbox.framework */ = {isa = PBXFileReference; lastKnownFileType = wrapper.framework; name = AudioToolbox.framework; path = System/Library/Frameworks/AudioToolbox.framework; sourceTree = SDKROOT; };
		45A2E8B8187650CE009A6171 /* CFNetwork.framework */ = {isa = PBXFileReference; lastKnownFileType = wrapper.framework; name = CFNetwork.framework; path = System/Library/Frameworks/CFNetwork.framework; sourceTree = SDKROOT; };
		45A2E8B9187650CE009A6171 /* CoreLocation.framework */ = {isa = PBXFileReference; lastKnownFileType = wrapper.framework; name = CoreLocation.framework; path = System/Library/Frameworks/CoreLocation.framework; sourceTree = SDKROOT; };
		45A2E8BA187650CE009A6171 /* libsqlite3.dylib */ = {isa = PBXFileReference; lastKnownFileType = "compiled.mach-o.dylib"; name = libsqlite3.dylib; path = usr/lib/libsqlite3.dylib; sourceTree = SDKROOT; };
		45A2E8BB187650CE009A6171 /* libz.1.1.3.dylib */ = {isa = PBXFileReference; lastKnownFileType = "compiled.mach-o.dylib"; name = libz.1.1.3.dylib; path = usr/lib/libz.1.1.3.dylib; sourceTree = SDKROOT; };
		45A2E8BC187650CE009A6171 /* MobileCoreServices.framework */ = {isa = PBXFileReference; lastKnownFileType = wrapper.framework; name = MobileCoreServices.framework; path = System/Library/Frameworks/MobileCoreServices.framework; sourceTree = SDKROOT; };
		45A2E8BD187650CE009A6171 /* QuartzCore.framework */ = {isa = PBXFileReference; lastKnownFileType = wrapper.framework; name = QuartzCore.framework; path = System/Library/Frameworks/QuartzCore.framework; sourceTree = SDKROOT; };
		45A2E8BE187650CE009A6171 /* Security.framework */ = {isa = PBXFileReference; lastKnownFileType = wrapper.framework; name = Security.framework; path = System/Library/Frameworks/Security.framework; sourceTree = SDKROOT; };
		45A2E8BF187650CE009A6171 /* StoreKit.framework */ = {isa = PBXFileReference; lastKnownFileType = wrapper.framework; name = StoreKit.framework; path = System/Library/Frameworks/StoreKit.framework; sourceTree = SDKROOT; };
		45A2E8C0187650CE009A6171 /* SystemConfiguration.framework */ = {isa = PBXFileReference; lastKnownFileType = wrapper.framework; name = SystemConfiguration.framework; path = System/Library/Frameworks/SystemConfiguration.framework; sourceTree = SDKROOT; };
		45A6AF7318B109B900D26563 /* TStickerAnnotationView.h */ = {isa = PBXFileReference; fileEncoding = 4; lastKnownFileType = sourcecode.c.h; path = TStickerAnnotationView.h; sourceTree = "<group>"; };
		45A6AF7418B109B900D26563 /* TStickerAnnotationView.m */ = {isa = PBXFileReference; fileEncoding = 4; lastKnownFileType = sourcecode.c.objc; path = TStickerAnnotationView.m; sourceTree = "<group>"; };
		45A8462A18F7EC0C00DA3627 /* TUserActivityCell.h */ = {isa = PBXFileReference; fileEncoding = 4; lastKnownFileType = sourcecode.c.h; path = TUserActivityCell.h; sourceTree = "<group>"; };
		45A8462B18F7EC0C00DA3627 /* TUserActivityCell.m */ = {isa = PBXFileReference; fileEncoding = 4; lastKnownFileType = sourcecode.c.objc; path = TUserActivityCell.m; sourceTree = "<group>"; };
		45B95C8718F6AE6D004D7568 /* TUserActivityViewController.h */ = {isa = PBXFileReference; fileEncoding = 4; lastKnownFileType = sourcecode.c.h; path = TUserActivityViewController.h; sourceTree = "<group>"; };
		45B95C8818F6AE6D004D7568 /* TUserActivityViewController.m */ = {isa = PBXFileReference; fileEncoding = 4; lastKnownFileType = sourcecode.c.objc; path = TUserActivityViewController.m; sourceTree = "<group>"; };
		45B95C8A18F6AF43004D7568 /* TBaseViewController.h */ = {isa = PBXFileReference; fileEncoding = 4; lastKnownFileType = sourcecode.c.h; path = TBaseViewController.h; sourceTree = "<group>"; };
		45B95C8B18F6AF43004D7568 /* TBaseViewController.m */ = {isa = PBXFileReference; fileEncoding = 4; lastKnownFileType = sourcecode.c.objc; path = TBaseViewController.m; sourceTree = "<group>"; };
		45D3E6C918ACA3ED000AD55F /* TMenuViewController.h */ = {isa = PBXFileReference; fileEncoding = 4; lastKnownFileType = sourcecode.c.h; path = TMenuViewController.h; sourceTree = "<group>"; };
		45D3E6CA18ACA3ED000AD55F /* TMenuViewController.m */ = {isa = PBXFileReference; fileEncoding = 4; lastKnownFileType = sourcecode.c.objc; path = TMenuViewController.m; sourceTree = "<group>"; };
		45E54463188F934200FF8977 /* Reachability.h */ = {isa = PBXFileReference; fileEncoding = 4; lastKnownFileType = sourcecode.c.h; path = Reachability.h; sourceTree = "<group>"; };
		45E54464188F934200FF8977 /* Reachability.m */ = {isa = PBXFileReference; fileEncoding = 4; lastKnownFileType = sourcecode.c.objc; path = Reachability.m; sourceTree = "<group>"; };
		45EA89CA187E69F500223D26 /* TConstants.h */ = {isa = PBXFileReference; fileEncoding = 4; lastKnownFileType = sourcecode.c.h; path = TConstants.h; sourceTree = "<group>"; };
		45F53E24189D6EB100C7C42A /* TUtility.h */ = {isa = PBXFileReference; fileEncoding = 4; lastKnownFileType = sourcecode.c.h; path = TUtility.h; sourceTree = "<group>"; };
		45F53E25189D6EB100C7C42A /* TUtility.m */ = {isa = PBXFileReference; fileEncoding = 4; lastKnownFileType = sourcecode.c.objc; path = TUtility.m; sourceTree = "<group>"; };
		45F53E28189D6FA200C7C42A /* MBProgressHUD.h */ = {isa = PBXFileReference; fileEncoding = 4; lastKnownFileType = sourcecode.c.h; path = MBProgressHUD.h; sourceTree = "<group>"; };
		45F53E29189D6FA200C7C42A /* MBProgressHUD.m */ = {isa = PBXFileReference; fileEncoding = 4; lastKnownFileType = sourcecode.c.objc; path = MBProgressHUD.m; sourceTree = "<group>"; };
		45FC0DCB18CCD46700C82A2B /* TFollowCell.h */ = {isa = PBXFileReference; fileEncoding = 4; lastKnownFileType = sourcecode.c.h; path = TFollowCell.h; sourceTree = "<group>"; };
		45FC0DCC18CCD46700C82A2B /* TFollowCell.m */ = {isa = PBXFileReference; fileEncoding = 4; lastKnownFileType = sourcecode.c.objc; path = TFollowCell.m; sourceTree = "<group>"; };
		45FC755A18A017E10089255A /* UIImage+AlphaAdditions.h */ = {isa = PBXFileReference; fileEncoding = 4; lastKnownFileType = sourcecode.c.h; path = "UIImage+AlphaAdditions.h"; sourceTree = "<group>"; };
		45FC755B18A017E10089255A /* UIImage+AlphaAdditions.m */ = {isa = PBXFileReference; fileEncoding = 4; lastKnownFileType = sourcecode.c.objc; path = "UIImage+AlphaAdditions.m"; sourceTree = "<group>"; };
		45FC755C18A017E10089255A /* UIImage+ResizeAdditions.h */ = {isa = PBXFileReference; fileEncoding = 4; lastKnownFileType = sourcecode.c.h; path = "UIImage+ResizeAdditions.h"; sourceTree = "<group>"; };
		45FC755D18A017E10089255A /* UIImage+ResizeAdditions.m */ = {isa = PBXFileReference; fileEncoding = 4; lastKnownFileType = sourcecode.c.objc; path = "UIImage+ResizeAdditions.m"; sourceTree = "<group>"; };
		45FC755E18A017E10089255A /* UIImage+RoundedCornerAdditions.h */ = {isa = PBXFileReference; fileEncoding = 4; lastKnownFileType = sourcecode.c.h; path = "UIImage+RoundedCornerAdditions.h"; sourceTree = "<group>"; };
		45FC755F18A017E10089255A /* UIImage+RoundedCornerAdditions.m */ = {isa = PBXFileReference; fileEncoding = 4; lastKnownFileType = sourcecode.c.objc; path = "UIImage+RoundedCornerAdditions.m"; sourceTree = "<group>"; };
/* End PBXFileReference section */

/* Begin PBXFrameworksBuildPhase section */
		45A2E87718764FF1009A6171 /* Frameworks */ = {
			isa = PBXFrameworksBuildPhase;
			buildActionMask = 2147483647;
			files = (
				45A2E8C5187650CE009A6171 /* CFNetwork.framework in Frameworks */,
				45A2E8CB187650CE009A6171 /* Security.framework in Frameworks */,
				45A2E8C3187650CE009A6171 /* Accounts.framework in Frameworks */,
				45A2E8CC187650CE009A6171 /* StoreKit.framework in Frameworks */,
				45A2E8CA187650CE009A6171 /* QuartzCore.framework in Frameworks */,
				456DAE5618CC9394009E4FEC /* FacebookSDK.framework in Frameworks */,
				45A2E8C7187650CE009A6171 /* libsqlite3.dylib in Frameworks */,
				45A2E88018764FF1009A6171 /* CoreGraphics.framework in Frameworks */,
				451AF9A61885314300811899 /* MapKit.framework in Frameworks */,
				45A2E8C1187650CE009A6171 /* AdSupport.framework in Frameworks */,
				45A2E8C4187650CE009A6171 /* AudioToolbox.framework in Frameworks */,
				45A2E88218764FF1009A6171 /* UIKit.framework in Frameworks */,
				45A2E8CD187650CE009A6171 /* SystemConfiguration.framework in Frameworks */,
				456DAE5718CC9394009E4FEC /* Parse.framework in Frameworks */,
				45A2E8C6187650CE009A6171 /* CoreLocation.framework in Frameworks */,
				45A2E8C9187650CE009A6171 /* MobileCoreServices.framework in Frameworks */,
				45A2E8C2187650CE009A6171 /* Social.framework in Frameworks */,
				45A2E8C8187650CE009A6171 /* libz.1.1.3.dylib in Frameworks */,
				45A2E87E18764FF1009A6171 /* Foundation.framework in Frameworks */,
			);
			runOnlyForDeploymentPostprocessing = 0;
		};
		45A2E89818764FF1009A6171 /* Frameworks */ = {
			isa = PBXFrameworksBuildPhase;
			buildActionMask = 2147483647;
			files = (
				45A2E89D18764FF1009A6171 /* XCTest.framework in Frameworks */,
				45A2E89F18764FF1009A6171 /* UIKit.framework in Frameworks */,
				45A2E89E18764FF1009A6171 /* Foundation.framework in Frameworks */,
			);
			runOnlyForDeploymentPostprocessing = 0;
		};
/* End PBXFrameworksBuildPhase section */

/* Begin PBXGroup section */
		451C521E18C2418400386C63 /* Profile */ = {
			isa = PBXGroup;
			children = (
				451C521F18C2418F00386C63 /* TProfileViewController.h */,
				451C522018C2418F00386C63 /* TProfileViewController.m */,
				45FC0DCB18CCD46700C82A2B /* TFollowCell.h */,
				45FC0DCC18CCD46700C82A2B /* TFollowCell.m */,
				456DAE5818CCA869009E4FEC /* TProfileCell.h */,
				456DAE5918CCA869009E4FEC /* TProfileCell.m */,
			);
			name = Profile;
			sourceTree = "<group>";
		};
		453CB8F41885B65700D7019D /* Categories */ = {
			isa = PBXGroup;
			children = (
				453CB8EE1885B5BE00D7019D /* TCategoriesViewController.h */,
				453CB8EF1885B5BE00D7019D /* TCategoriesViewController.m */,
				453CB8F11885B65100D7019D /* TCategoryCell.h */,
				453CB8F21885B65100D7019D /* TCategoryCell.m */,
				453CB8FB1885C7B700D7019D /* TCategoryStickersViewController.h */,
				453CB8FC1885C7B700D7019D /* TCategoryStickersViewController.m */,
				453CB8F81885C5D300D7019D /* TCategoryStickerCell.h */,
				453CB8F91885C5D300D7019D /* TCategoryStickerCell.m */,
				454BDDFF18890101009DC4F6 /* TPostViewController.h */,
				454BDE0018890101009DC4F6 /* TPostViewController.m */,
				457C8A841893B02100D6DA40 /* TCircleView.h */,
				457C8A851893B02100D6DA40 /* TCircleView.m */,
			);
			name = Categories;
			sourceTree = "<group>";
		};
		4563729218BA6E84001ABAC4 /* Activity */ = {
			isa = PBXGroup;
			children = (
				450544B418B284A500529015 /* TActivityViewController.h */,
				450544B518B284A500529015 /* TActivityViewController.m */,
				450544B718B284B600529015 /* TActivityCell.h */,
				450544B818B284B600529015 /* TActivityCell.m */,
			);
			name = Activity;
			sourceTree = "<group>";
		};
		45A2E87118764FF1009A6171 = {
			isa = PBXGroup;
			children = (
				45A2E88318764FF1009A6171 /* Tromkee */,
				45A2E8A218764FF1009A6171 /* TromkeeTests */,
				45A2E87C18764FF1009A6171 /* Frameworks */,
				45A2E87B18764FF1009A6171 /* Products */,
			);
			sourceTree = "<group>";
		};
		45A2E87B18764FF1009A6171 /* Products */ = {
			isa = PBXGroup;
			children = (
				45A2E87A18764FF1009A6171 /* Tromke.app */,
				45A2E89B18764FF1009A6171 /* TromkeTests.xctest */,
			);
			name = Products;
			sourceTree = "<group>";
		};
		45A2E87C18764FF1009A6171 /* Frameworks */ = {
			isa = PBXGroup;
			children = (
				451AF9A51885314300811899 /* MapKit.framework */,
				45A2E8B4187650CE009A6171 /* AdSupport.framework */,
				45A2E8B5187650CE009A6171 /* Social.framework */,
				45A2E8B6187650CE009A6171 /* Accounts.framework */,
				45A2E8B7187650CE009A6171 /* AudioToolbox.framework */,
				45A2E8B8187650CE009A6171 /* CFNetwork.framework */,
				45A2E8B9187650CE009A6171 /* CoreLocation.framework */,
				45A2E8BA187650CE009A6171 /* libsqlite3.dylib */,
				45A2E8BB187650CE009A6171 /* libz.1.1.3.dylib */,
				45A2E8BC187650CE009A6171 /* MobileCoreServices.framework */,
				45A2E8BD187650CE009A6171 /* QuartzCore.framework */,
				45A2E8BE187650CE009A6171 /* Security.framework */,
				45A2E8BF187650CE009A6171 /* StoreKit.framework */,
				45A2E8C0187650CE009A6171 /* SystemConfiguration.framework */,
				45A2E87D18764FF1009A6171 /* Foundation.framework */,
				45A2E87F18764FF1009A6171 /* CoreGraphics.framework */,
				45A2E88118764FF1009A6171 /* UIKit.framework */,
				45A2E89C18764FF1009A6171 /* XCTest.framework */,
			);
			name = Frameworks;
			sourceTree = "<group>";
		};
		45A2E88318764FF1009A6171 /* Tromkee */ = {
			isa = PBXGroup;
			children = (
				45B95C8618F6A0B9004D7568 /* UserActivity */,
				451C521E18C2418400386C63 /* Profile */,
				45E54460188F934200FF8977 /* External */,
				45D3E6C818ACA3D8000AD55F /* MenuDisplay */,
				45A2E88C18764FF1009A6171 /* TAppDelegate.h */,
				45A2E88D18764FF1009A6171 /* TAppDelegate.m */,
				45B95C8A18F6AF43004D7568 /* TBaseViewController.h */,
				45B95C8B18F6AF43004D7568 /* TBaseViewController.m */,
				45A2E88F18764FF1009A6171 /* Main.storyboard */,
				453AE94C188423F00099D8B0 /* TLocationUtility.h */,
				453AE94D188423F00099D8B0 /* TLocationUtility.m */,
				4563729218BA6E84001ABAC4 /* Activity */,
				45A6AF7618B117DA00D26563 /* HomeVIew */,
				453CB8F41885B65700D7019D /* Categories */,
				45309870187DBBD0005B3B5F /* TLogInViewController.h */,
				45309871187DBBD0005B3B5F /* TLogInViewController.m */,
				45EA89CA187E69F500223D26 /* TConstants.h */,
				45F53E24189D6EB100C7C42A /* TUtility.h */,
				45F53E25189D6EB100C7C42A /* TUtility.m */,
				45A2E89518764FF1009A6171 /* Images.xcassets */,
				45A2E88418764FF1009A6171 /* Supporting Files */,
			);
			path = Tromkee;
			sourceTree = "<group>";
		};
		45A2E88418764FF1009A6171 /* Supporting Files */ = {
			isa = PBXGroup;
			children = (
				4564400718F5434600672099 /* Sticker.png */,
				455C01101879C60E00D54908 /* backgroundLogin@2x.png */,
				45A2E88518764FF1009A6171 /* Tromke-Info.plist */,
				45A2E88618764FF1009A6171 /* InfoPlist.strings */,
				45A2E88918764FF1009A6171 /* main.m */,
				451AF9A4188530B100811899 /* Tromke-Prefix.pch */,
			);
			name = "Supporting Files";
			sourceTree = "<group>";
		};
		45A2E8A218764FF1009A6171 /* TromkeeTests */ = {
			isa = PBXGroup;
			children = (
				45A2E8A818764FF1009A6171 /* TromkeeTests.m */,
				45A2E8A318764FF1009A6171 /* Supporting Files */,
			);
			path = TromkeeTests;
			sourceTree = "<group>";
		};
		45A2E8A318764FF1009A6171 /* Supporting Files */ = {
			isa = PBXGroup;
			children = (
				45A2E8A418764FF1009A6171 /* TromkeTests-Info.plist */,
				45A2E8A518764FF1009A6171 /* InfoPlist.strings */,
			);
			name = "Supporting Files";
			sourceTree = "<group>";
		};
		45A6AF7618B117DA00D26563 /* HomeVIew */ = {
			isa = PBXGroup;
			children = (
				45A2E89218764FF1009A6171 /* TViewController.h */,
				45A2E89318764FF1009A6171 /* TViewController.m */,
				45A6AF7318B109B900D26563 /* TStickerAnnotationView.h */,
				45A6AF7418B109B900D26563 /* TStickerAnnotationView.m */,
				4563F2E218A4B1EB00E8911E /* TStickerAnnotation.h */,
				4563F2E318A4B1EB00E8911E /* TStickerAnnotation.m */,
			);
			name = HomeVIew;
			sourceTree = "<group>";
		};
		45B95C8618F6A0B9004D7568 /* UserActivity */ = {
			isa = PBXGroup;
			children = (
				45B95C8718F6AE6D004D7568 /* TUserActivityViewController.h */,
				45B95C8818F6AE6D004D7568 /* TUserActivityViewController.m */,
				45A8462A18F7EC0C00DA3627 /* TUserActivityCell.h */,
				45A8462B18F7EC0C00DA3627 /* TUserActivityCell.m */,
			);
			name = UserActivity;
			sourceTree = "<group>";
		};
		45D3E6C818ACA3D8000AD55F /* MenuDisplay */ = {
			isa = PBXGroup;
			children = (
				45D3E6C918ACA3ED000AD55F /* TMenuViewController.h */,
				45D3E6CA18ACA3ED000AD55F /* TMenuViewController.m */,
			);
			name = MenuDisplay;
			sourceTree = "<group>";
		};
		45E54460188F934200FF8977 /* External */ = {
			isa = PBXGroup;
			children = (
				456DAE5418CC9394009E4FEC /* FacebookSDK.framework */,
				456DAE5518CC9394009E4FEC /* Parse.framework */,
				45FC755918A017E10089255A /* UIImage */,
				45F53E27189D6FA200C7C42A /* MBProgressHUD */,
				45E54463188F934200FF8977 /* Reachability.h */,
				45E54464188F934200FF8977 /* Reachability.m */,
			);
			path = External;
			sourceTree = SOURCE_ROOT;
		};
		45F53E27189D6FA200C7C42A /* MBProgressHUD */ = {
			isa = PBXGroup;
			children = (
				45F53E28189D6FA200C7C42A /* MBProgressHUD.h */,
				45F53E29189D6FA200C7C42A /* MBProgressHUD.m */,
			);
			name = MBProgressHUD;
			path = Tromkee/MBProgressHUD;
			sourceTree = SOURCE_ROOT;
		};
		45FC755918A017E10089255A /* UIImage */ = {
			isa = PBXGroup;
			children = (
				45FC755A18A017E10089255A /* UIImage+AlphaAdditions.h */,
				45FC755B18A017E10089255A /* UIImage+AlphaAdditions.m */,
				45FC755C18A017E10089255A /* UIImage+ResizeAdditions.h */,
				45FC755D18A017E10089255A /* UIImage+ResizeAdditions.m */,
				45FC755E18A017E10089255A /* UIImage+RoundedCornerAdditions.h */,
				45FC755F18A017E10089255A /* UIImage+RoundedCornerAdditions.m */,
			);
			name = UIImage;
			path = Tromkee/UIImage;
			sourceTree = SOURCE_ROOT;
		};
/* End PBXGroup section */

/* Begin PBXNativeTarget section */
		45A2E87918764FF1009A6171 /* Tromke */ = {
			isa = PBXNativeTarget;
			buildConfigurationList = 45A2E8AC18764FF1009A6171 /* Build configuration list for PBXNativeTarget "Tromke" */;
			buildPhases = (
				45A2E87618764FF1009A6171 /* Sources */,
				45A2E87718764FF1009A6171 /* Frameworks */,
				45A2E87818764FF1009A6171 /* Resources */,
				4564400618F5264900672099 /* ShellScript */,
			);
			buildRules = (
			);
			dependencies = (
			);
			name = Tromke;
			productName = Tromkee;
			productReference = 45A2E87A18764FF1009A6171 /* Tromke.app */;
			productType = "com.apple.product-type.application";
		};
		45A2E89A18764FF1009A6171 /* TromkeTests */ = {
			isa = PBXNativeTarget;
			buildConfigurationList = 45A2E8AF18764FF1009A6171 /* Build configuration list for PBXNativeTarget "TromkeTests" */;
			buildPhases = (
				45A2E89718764FF1009A6171 /* Sources */,
				45A2E89818764FF1009A6171 /* Frameworks */,
				45A2E89918764FF1009A6171 /* Resources */,
			);
			buildRules = (
			);
			dependencies = (
				45A2E8A118764FF1009A6171 /* PBXTargetDependency */,
			);
			name = TromkeTests;
			productName = TromkeeTests;
			productReference = 45A2E89B18764FF1009A6171 /* TromkeTests.xctest */;
			productType = "com.apple.product-type.bundle.unit-test";
		};
/* End PBXNativeTarget section */

/* Begin PBXProject section */
		45A2E87218764FF1009A6171 /* Project object */ = {
			isa = PBXProject;
			attributes = {
				CLASSPREFIX = T;
				LastUpgradeCheck = 0510;
				ORGANIZATIONNAME = Tromkee;
				TargetAttributes = {
					45A2E89A18764FF1009A6171 = {
						TestTargetID = 45A2E87918764FF1009A6171;
					};
				};
			};
			buildConfigurationList = 45A2E87518764FF1009A6171 /* Build configuration list for PBXProject "Tromke" */;
			compatibilityVersion = "Xcode 3.2";
			developmentRegion = English;
			hasScannedForEncodings = 0;
			knownRegions = (
				en,
				Base,
			);
			mainGroup = 45A2E87118764FF1009A6171;
			productRefGroup = 45A2E87B18764FF1009A6171 /* Products */;
			projectDirPath = "";
			projectRoot = "";
			targets = (
				45A2E87918764FF1009A6171 /* Tromke */,
				45A2E89A18764FF1009A6171 /* TromkeTests */,
			);
		};
/* End PBXProject section */

/* Begin PBXResourcesBuildPhase section */
		45A2E87818764FF1009A6171 /* Resources */ = {
			isa = PBXResourcesBuildPhase;
			buildActionMask = 2147483647;
			files = (
				45A2E89618764FF1009A6171 /* Images.xcassets in Resources */,
				455C01131879C60E00D54908 /* backgroundLogin@2x.png in Resources */,
				45A2E88818764FF1009A6171 /* InfoPlist.strings in Resources */,
				4564400818F5434600672099 /* Sticker.png in Resources */,
				45A2E89118764FF1009A6171 /* Main.storyboard in Resources */,
			);
			runOnlyForDeploymentPostprocessing = 0;
		};
		45A2E89918764FF1009A6171 /* Resources */ = {
			isa = PBXResourcesBuildPhase;
			buildActionMask = 2147483647;
			files = (
				45A2E8A718764FF1009A6171 /* InfoPlist.strings in Resources */,
			);
			runOnlyForDeploymentPostprocessing = 0;
		};
/* End PBXResourcesBuildPhase section */

/* Begin PBXShellScriptBuildPhase section */
		4564400618F5264900672099 /* ShellScript */ = {
			isa = PBXShellScriptBuildPhase;
			buildActionMask = 2147483647;
			files = (
			);
			inputPaths = (
			);
			outputPaths = (
			);
			runOnlyForDeploymentPostprocessing = 0;
			shellPath = /bin/sh;
			shellScript = "./Crashlytics.framework/run 9b1f05649071058a7d1b708a7fd391a636e0cee0 bb6d4f5ca411caf0b6391be19ec79e38e5253c6db12aab60227f7b082291a6f0";
		};
/* End PBXShellScriptBuildPhase section */

/* Begin PBXSourcesBuildPhase section */
		45A2E87618764FF1009A6171 /* Sources */ = {
			isa = PBXSourcesBuildPhase;
			buildActionMask = 2147483647;
			files = (
				45309872187DBBD0005B3B5F /* TLogInViewController.m in Sources */,
				45FC756118A017E10089255A /* UIImage+ResizeAdditions.m in Sources */,
				45A2E88A18764FF1009A6171 /* main.m in Sources */,
				45F53E26189D6EB100C7C42A /* TUtility.m in Sources */,
				450544B918B284B600529015 /* TActivityCell.m in Sources */,
				45A2E88E18764FF1009A6171 /* TAppDelegate.m in Sources */,
				45FC756218A017E10089255A /* UIImage+RoundedCornerAdditions.m in Sources */,
				45E54467188F934200FF8977 /* Reachability.m in Sources */,
				45A2E89418764FF1009A6171 /* TViewController.m in Sources */,
				453CB8F31885B65100D7019D /* TCategoryCell.m in Sources */,
				45A8462C18F7EC0C00DA3627 /* TUserActivityCell.m in Sources */,
				453AE94E188423F00099D8B0 /* TLocationUtility.m in Sources */,
				453CB8F01885B5BE00D7019D /* TCategoriesViewController.m in Sources */,
				451C522118C2418F00386C63 /* TProfileViewController.m in Sources */,
				450544B618B284A500529015 /* TActivityViewController.m in Sources */,
				456DAE5A18CCA869009E4FEC /* TProfileCell.m in Sources */,
				45B95C8918F6AE6D004D7568 /* TUserActivityViewController.m in Sources */,
				45D3E6CB18ACA3ED000AD55F /* TMenuViewController.m in Sources */,
				45FC756018A017E10089255A /* UIImage+AlphaAdditions.m in Sources */,
				453CB8FA1885C5D300D7019D /* TCategoryStickerCell.m in Sources */,
				45A6AF7518B109B900D26563 /* TStickerAnnotationView.m in Sources */,
				45B95C8C18F6AF43004D7568 /* TBaseViewController.m in Sources */,
				4563F2E418A4B1EB00E8911E /* TStickerAnnotation.m in Sources */,
				457C8A861893B02100D6DA40 /* TCircleView.m in Sources */,
				454BDE0118890101009DC4F6 /* TPostViewController.m in Sources */,
				453CB8FD1885C7B700D7019D /* TCategoryStickersViewController.m in Sources */,
				45F53E2A189D6FA200C7C42A /* MBProgressHUD.m in Sources */,
				45FC0DCD18CCD46700C82A2B /* TFollowCell.m in Sources */,
			);
			runOnlyForDeploymentPostprocessing = 0;
		};
		45A2E89718764FF1009A6171 /* Sources */ = {
			isa = PBXSourcesBuildPhase;
			buildActionMask = 2147483647;
			files = (
				45A2E8A918764FF1009A6171 /* TromkeeTests.m in Sources */,
			);
			runOnlyForDeploymentPostprocessing = 0;
		};
/* End PBXSourcesBuildPhase section */

/* Begin PBXTargetDependency section */
		45A2E8A118764FF1009A6171 /* PBXTargetDependency */ = {
			isa = PBXTargetDependency;
			target = 45A2E87918764FF1009A6171 /* Tromke */;
			targetProxy = 45A2E8A018764FF1009A6171 /* PBXContainerItemProxy */;
		};
/* End PBXTargetDependency section */

/* Begin PBXVariantGroup section */
		45A2E88618764FF1009A6171 /* InfoPlist.strings */ = {
			isa = PBXVariantGroup;
			children = (
				45A2E88718764FF1009A6171 /* en */,
			);
			name = InfoPlist.strings;
			sourceTree = "<group>";
		};
		45A2E88F18764FF1009A6171 /* Main.storyboard */ = {
			isa = PBXVariantGroup;
			children = (
				45A2E89018764FF1009A6171 /* Base */,
			);
			name = Main.storyboard;
			sourceTree = "<group>";
		};
		45A2E8A518764FF1009A6171 /* InfoPlist.strings */ = {
			isa = PBXVariantGroup;
			children = (
				45A2E8A618764FF1009A6171 /* en */,
			);
			name = InfoPlist.strings;
			sourceTree = "<group>";
		};
/* End PBXVariantGroup section */

/* Begin XCBuildConfiguration section */
		45A2E8AA18764FF1009A6171 /* Debug */ = {
			isa = XCBuildConfiguration;
			buildSettings = {
				ALWAYS_SEARCH_USER_PATHS = NO;
				CLANG_CXX_LANGUAGE_STANDARD = "gnu++0x";
				CLANG_CXX_LIBRARY = "libc++";
				CLANG_ENABLE_MODULES = YES;
				CLANG_ENABLE_OBJC_ARC = YES;
				CLANG_WARN_BOOL_CONVERSION = YES;
				CLANG_WARN_CONSTANT_CONVERSION = YES;
				CLANG_WARN_DIRECT_OBJC_ISA_USAGE = YES_ERROR;
				CLANG_WARN_EMPTY_BODY = YES;
				CLANG_WARN_ENUM_CONVERSION = YES;
				CLANG_WARN_INT_CONVERSION = YES;
				CLANG_WARN_OBJC_ROOT_CLASS = YES_ERROR;
				CLANG_WARN__DUPLICATE_METHOD_MATCH = YES;
				"CODE_SIGN_IDENTITY[sdk=iphoneos*]" = "iPhone Developer";
				COPY_PHASE_STRIP = NO;
				GCC_C_LANGUAGE_STANDARD = gnu99;
				GCC_DYNAMIC_NO_PIC = NO;
				GCC_OPTIMIZATION_LEVEL = 0;
				GCC_PREPROCESSOR_DEFINITIONS = (
					"DEBUG=1",
					"$(inherited)",
				);
				GCC_SYMBOLS_PRIVATE_EXTERN = NO;
				GCC_WARN_64_TO_32_BIT_CONVERSION = YES;
				GCC_WARN_ABOUT_RETURN_TYPE = YES_ERROR;
				GCC_WARN_UNDECLARED_SELECTOR = YES;
				GCC_WARN_UNINITIALIZED_AUTOS = YES;
				GCC_WARN_UNUSED_FUNCTION = YES;
				GCC_WARN_UNUSED_VARIABLE = YES;
				IPHONEOS_DEPLOYMENT_TARGET = 7.0;
				ONLY_ACTIVE_ARCH = YES;
				SDKROOT = iphoneos;
			};
			name = Debug;
		};
		45A2E8AB18764FF1009A6171 /* Release */ = {
			isa = XCBuildConfiguration;
			buildSettings = {
				ALWAYS_SEARCH_USER_PATHS = NO;
				CLANG_CXX_LANGUAGE_STANDARD = "gnu++0x";
				CLANG_CXX_LIBRARY = "libc++";
				CLANG_ENABLE_MODULES = YES;
				CLANG_ENABLE_OBJC_ARC = YES;
				CLANG_WARN_BOOL_CONVERSION = YES;
				CLANG_WARN_CONSTANT_CONVERSION = YES;
				CLANG_WARN_DIRECT_OBJC_ISA_USAGE = YES_ERROR;
				CLANG_WARN_EMPTY_BODY = YES;
				CLANG_WARN_ENUM_CONVERSION = YES;
				CLANG_WARN_INT_CONVERSION = YES;
				CLANG_WARN_OBJC_ROOT_CLASS = YES_ERROR;
				CLANG_WARN__DUPLICATE_METHOD_MATCH = YES;
				"CODE_SIGN_IDENTITY[sdk=iphoneos*]" = "iPhone Developer";
				COPY_PHASE_STRIP = YES;
				ENABLE_NS_ASSERTIONS = NO;
				GCC_C_LANGUAGE_STANDARD = gnu99;
				GCC_WARN_64_TO_32_BIT_CONVERSION = YES;
				GCC_WARN_ABOUT_RETURN_TYPE = YES_ERROR;
				GCC_WARN_UNDECLARED_SELECTOR = YES;
				GCC_WARN_UNINITIALIZED_AUTOS = YES;
				GCC_WARN_UNUSED_FUNCTION = YES;
				GCC_WARN_UNUSED_VARIABLE = YES;
				IPHONEOS_DEPLOYMENT_TARGET = 7.0;
				SDKROOT = iphoneos;
				VALIDATE_PRODUCT = YES;
			};
			name = Release;
		};
		45A2E8AD18764FF1009A6171 /* Debug */ = {
			isa = XCBuildConfiguration;
			buildSettings = {
				ASSETCATALOG_COMPILER_APPICON_NAME = AppIcon;
				ASSETCATALOG_COMPILER_LAUNCHIMAGE_NAME = LaunchImage;
				"CODE_SIGN_IDENTITY[sdk=iphoneos*]" = "";
				FRAMEWORK_SEARCH_PATHS = (
					"$(inherited)",
					$SRCROOT/External,
				);
				GCC_PRECOMPILE_PREFIX_HEADER = YES;
				GCC_PREFIX_HEADER = "Tromkee/Tromke-Prefix.pch";
				INFOPLIST_FILE = "Tromkee/Tromke-Info.plist";
				IPHONEOS_DEPLOYMENT_TARGET = 7.0;
				OTHER_LDFLAGS = "-ObjC";
				PRODUCT_NAME = Tromke;
				PROVISIONING_PROFILE = "4DA6CDF9-23FD-4885-BED9-B29FCE84A85C";
				WRAPPER_EXTENSION = app;
			};
			name = Debug;
		};
		45A2E8AE18764FF1009A6171 /* Release */ = {
			isa = XCBuildConfiguration;
			buildSettings = {
				ASSETCATALOG_COMPILER_APPICON_NAME = AppIcon;
				ASSETCATALOG_COMPILER_LAUNCHIMAGE_NAME = LaunchImage;
				"CODE_SIGN_IDENTITY[sdk=iphoneos*]" = "";
				FRAMEWORK_SEARCH_PATHS = (
					"$(inherited)",
					$SRCROOT/External,
				);
				GCC_PRECOMPILE_PREFIX_HEADER = YES;
				GCC_PREFIX_HEADER = "Tromkee/Tromke-Prefix.pch";
				INFOPLIST_FILE = "Tromkee/Tromke-Info.plist";
				IPHONEOS_DEPLOYMENT_TARGET = 7.0;
				OTHER_LDFLAGS = "-ObjC";
				PRODUCT_NAME = Tromke;
				PROVISIONING_PROFILE = "4DA6CDF9-23FD-4885-BED9-B29FCE84A85C";
				WRAPPER_EXTENSION = app;
			};
			name = Release;
		};
		45A2E8B018764FF1009A6171 /* Debug */ = {
			isa = XCBuildConfiguration;
			buildSettings = {
				BUNDLE_LOADER = "$(BUILT_PRODUCTS_DIR)/Tromkee.app/Tromkee";
				FRAMEWORK_SEARCH_PATHS = (
					"$(SDKROOT)/Developer/Library/Frameworks",
					"$(inherited)",
					"$(DEVELOPER_FRAMEWORKS_DIR)",
				);
				GCC_PRECOMPILE_PREFIX_HEADER = YES;
				GCC_PREFIX_HEADER = "Tromkee/Tromkee-Prefix.pch";
				GCC_PREPROCESSOR_DEFINITIONS = (
					"DEBUG=1",
					"$(inherited)",
				);
				INFOPLIST_FILE = "TromkeeTests/TromkeTests-Info.plist";
				PRODUCT_NAME = TromkeTests;
				TEST_HOST = "$(BUNDLE_LOADER)";
				WRAPPER_EXTENSION = xctest;
			};
			name = Debug;
		};
		45A2E8B118764FF1009A6171 /* Release */ = {
			isa = XCBuildConfiguration;
			buildSettings = {
				BUNDLE_LOADER = "$(BUILT_PRODUCTS_DIR)/Tromkee.app/Tromkee";
				FRAMEWORK_SEARCH_PATHS = (
					"$(SDKROOT)/Developer/Library/Frameworks",
					"$(inherited)",
					"$(DEVELOPER_FRAMEWORKS_DIR)",
				);
				GCC_PRECOMPILE_PREFIX_HEADER = YES;
				GCC_PREFIX_HEADER = "Tromkee/Tromkee-Prefix.pch";
				INFOPLIST_FILE = "TromkeeTests/TromkeTests-Info.plist";
				PRODUCT_NAME = TromkeTests;
				TEST_HOST = "$(BUNDLE_LOADER)";
				WRAPPER_EXTENSION = xctest;
			};
			name = Release;
		};
/* End XCBuildConfiguration section */

/* Begin XCConfigurationList section */
		45A2E87518764FF1009A6171 /* Build configuration list for PBXProject "Tromke" */ = {
			isa = XCConfigurationList;
			buildConfigurations = (
				45A2E8AA18764FF1009A6171 /* Debug */,
				45A2E8AB18764FF1009A6171 /* Release */,
			);
			defaultConfigurationIsVisible = 0;
			defaultConfigurationName = Release;
		};
		45A2E8AC18764FF1009A6171 /* Build configuration list for PBXNativeTarget "Tromke" */ = {
			isa = XCConfigurationList;
			buildConfigurations = (
				45A2E8AD18764FF1009A6171 /* Debug */,
				45A2E8AE18764FF1009A6171 /* Release */,
			);
			defaultConfigurationIsVisible = 0;
			defaultConfigurationName = Release;
		};
		45A2E8AF18764FF1009A6171 /* Build configuration list for PBXNativeTarget "TromkeTests" */ = {
			isa = XCConfigurationList;
			buildConfigurations = (
				45A2E8B018764FF1009A6171 /* Debug */,
				45A2E8B118764FF1009A6171 /* Release */,
			);
			defaultConfigurationIsVisible = 0;
			defaultConfigurationName = Release;
		};
/* End XCConfigurationList section */
	};
	rootObject = 45A2E87218764FF1009A6171 /* Project object */;
}
